PODS:
  - Flutter (1.0.0)
  - integration_test (0.0.1):
    - Flutter
  - screen_usage_tally (0.0.1):
    - Flutter

DEPENDENCIES:
  - Flutter (from `Flutter`)
  - integration_test (from `.symlinks/plugins/integration_test/ios`)
  - screen_usage_tally (from `.symlinks/plugins/screen_usage_tally/ios`)

EXTERNAL SOURCES:
  Flutter:
    :path: Flutter
  integration_test:
    :path: ".symlinks/plugins/integration_test/ios"
  screen_usage_tally:
    :path: ".symlinks/plugins/screen_usage_tally/ios"

SPEC CHECKSUMS:
  Flutter: e0871f40cf51350855a761d2e70bf5af5b9b5de7
  integration_test: 2d03ab552da9a1f408709a6acf3d7ca4cb3cb307
  screen_usage_tally: 6746b0cf3dc4574f94abdf9d6cd820a57ab32072

PODFILE CHECKSUM: 819463e6a0290f5a72f145ba7cde16e8b6ef0796

COCOAPODS: 1.16.2
